
Microsoft Visual Studio Solution File, Format Version 12.00
# Visual Studio Version 16
VisualStudioVersion = 16.0.30406.217
MinimumVisualStudioVersion = 10.0.40219.1
Project("{9A19103F-16F7-4668-BE54-9A1E7A4F7556}") = "Asset.Web", "Asset.Web\Asset.Web.csproj", "{9851791C-4F1A-470B-8F2C-2CC3BC0BA89A}"
EndProject
Global
	GlobalSection(SolutionConfigurationPlatforms) = preSolution
		Debug|Any CPU = Debug|Any CPU
		Release|Any CPU = Release|Any CPU
	EndGlobalSection
	GlobalSection(ProjectConfigurationPlatforms) = postSolution
		{9851791C-4F1A-470B-8F2C-2CC3BC0BA89A}.Debug|Any CPU.ActiveCfg = Debug|Any CPU
		{9851791C-4F1A-470B-8F2C-2CC3BC0BA89A}.Debug|Any CPU.Build.0 = Debug|Any CPU
		{9851791C-4F1A-470B-8F2C-2CC3BC0BA89A}.Release|Any CPU.ActiveCfg = Release|Any CPU
		{9851791C-4F1A-470B-8F2C-2CC3BC0BA89A}.Release|Any CPU.Build.0 = Release|Any CPU
	EndGlobalSection
	GlobalSection(SolutionProperties) = preSolution
		HideSolutionNode = FALSE
	EndGlobalSection
	GlobalSection(ExtensibilityGlobals) = postSolution
		SolutionGuid = {8E43BACE-EC28-4702-989C-1730B8E21A11}
	EndGlobalSection
EndGlobal
